// !$*UTF8*$!
{
	archiveVersion = 1;
	classes = {
	};
	objectVersion = 46;
	objects = {

/* Begin PBXBuildFile section */
		1B1C75601EF312D800A9607E /* ForecastListModel.swift in Sources */ = {isa = PBXBuildFile; fileRef = 1B1C755F1EF312D800A9607E /* ForecastListModel.swift */; };
		1B1C75621EF312F100A9607E /* BaseModel.swift in Sources */ = {isa = PBXBuildFile; fileRef = 1B1C75611EF312F100A9607E /* BaseModel.swift */; };
		1B1C75651EF31E7C00A9607E /* WeatherSTRVEnums.swift in Sources */ = {isa = PBXBuildFile; fileRef = 1B1C75641EF31E7C00A9607E /* WeatherSTRVEnums.swift */; };
		1B1C75671EF31E9C00A9607E /* WeatherSTRVDelegates.swift in Sources */ = {isa = PBXBuildFile; fileRef = 1B1C75661EF31E9C00A9607E /* WeatherSTRVDelegates.swift */; };
		1B1C756D1EF3206E00A9607E /* ProximaNova-Bold.otf in Resources */ = {isa = PBXBuildFile; fileRef = 1B1C75691EF3206E00A9607E /* ProximaNova-Bold.otf */; };
		1B1C756E1EF3206E00A9607E /* ProximaNova-Light.otf in Resources */ = {isa = PBXBuildFile; fileRef = 1B1C756A1EF3206E00A9607E /* ProximaNova-Light.otf */; };
		1B1C756F1EF3206E00A9607E /* ProximaNova-Regular.otf in Resources */ = {isa = PBXBuildFile; fileRef = 1B1C756B1EF3206E00A9607E /* ProximaNova-Regular.otf */; };
		1B1C75701EF3206E00A9607E /* ProximaNova-Semibold.otf in Resources */ = {isa = PBXBuildFile; fileRef = 1B1C756C1EF3206E00A9607E /* ProximaNova-Semibold.otf */; };
		1B63CF5F1EF35BCF00FFB19A /* WeatherSTRVExtensions.swift in Sources */ = {isa = PBXBuildFile; fileRef = 1B63CF5E1EF35BCF00FFB19A /* WeatherSTRVExtensions.swift */; };
		1B63CF6D1EF3786B00FFB19A /* BaseTabbarController.swift in Sources */ = {isa = PBXBuildFile; fileRef = 1B63CF6C1EF3786B00FFB19A /* BaseTabbarController.swift */; };
		1B63CF701EF43FEA00FFB19A /* ForecastTableViewCell.swift in Sources */ = {isa = PBXBuildFile; fileRef = 1B63CF6E1EF43FEA00FFB19A /* ForecastTableViewCell.swift */; };
		1B63CF711EF43FEA00FFB19A /* ForecastTableViewCell.xib in Resources */ = {isa = PBXBuildFile; fileRef = 1B63CF6F1EF43FEA00FFB19A /* ForecastTableViewCell.xib */; };
		1B63CF731EF451AB00FFB19A /* ForecastTableAdapter.swift in Sources */ = {isa = PBXBuildFile; fileRef = 1B63CF721EF451AB00FFB19A /* ForecastTableAdapter.swift */; };
		1B7B16A31EF1B8070079F9ED /* GoogleService-Info.plist in Resources */ = {isa = PBXBuildFile; fileRef = 1B7B16A21EF1B8070079F9ED /* GoogleService-Info.plist */; };
		1B7B16A51EF1B8AF0079F9ED /* WeatherService.swift in Sources */ = {isa = PBXBuildFile; fileRef = 1B7B16A41EF1B8AF0079F9ED /* WeatherService.swift */; };
		1B7B16A71EF1B90A0079F9ED /* APIService.swift in Sources */ = {isa = PBXBuildFile; fileRef = 1B7B16A61EF1B90A0079F9ED /* APIService.swift */; };
		1B7B16A91EF1BCE60079F9ED /* ServicesManager.swift in Sources */ = {isa = PBXBuildFile; fileRef = 1B7B16A81EF1BCE60079F9ED /* ServicesManager.swift */; };
		1B7B16AB1EF1C5BF0079F9ED /* WeatherModel.swift in Sources */ = {isa = PBXBuildFile; fileRef = 1B7B16AA1EF1C5BF0079F9ED /* WeatherModel.swift */; };
		1BA78F371EF1B243004D180A /* ForecastViewController.swift in Sources */ = {isa = PBXBuildFile; fileRef = 1BA78F291EF1B243004D180A /* ForecastViewController.swift */; };
		1BA78F381EF1B243004D180A /* ForecastViewController.xib in Resources */ = {isa = PBXBuildFile; fileRef = 1BA78F2A1EF1B243004D180A /* ForecastViewController.xib */; };
		1BA78F391EF1B243004D180A /* SingleDayViewController.swift in Sources */ = {isa = PBXBuildFile; fileRef = 1BA78F2B1EF1B243004D180A /* SingleDayViewController.swift */; };
		1BA78F3A1EF1B243004D180A /* SingleDayViewController.xib in Resources */ = {isa = PBXBuildFile; fileRef = 1BA78F2C1EF1B243004D180A /* SingleDayViewController.xib */; };
		1BA78F3B1EF1B243004D180A /* Assets.xcassets in Resources */ = {isa = PBXBuildFile; fileRef = 1BA78F2F1EF1B243004D180A /* Assets.xcassets */; };
		1BA78F3C1EF1B243004D180A /* LaunchScreen.storyboard in Resources */ = {isa = PBXBuildFile; fileRef = 1BA78F321EF1B243004D180A /* LaunchScreen.storyboard */; };
		1BA78F3D1EF1B243004D180A /* Main.storyboard in Resources */ = {isa = PBXBuildFile; fileRef = 1BA78F331EF1B243004D180A /* Main.storyboard */; };
		1BA78F3E1EF1B243004D180A /* LocationService.swift in Sources */ = {isa = PBXBuildFile; fileRef = 1BA78F351EF1B243004D180A /* LocationService.swift */; };
		1BC0B7691EF1867A00F0A75F /* AppDelegate.swift in Sources */ = {isa = PBXBuildFile; fileRef = 1BC0B7681EF1867A00F0A75F /* AppDelegate.swift */; };
		E6CA84CC9BAEC60C31D5E309 /* Pods_WeatherSTRV.framework in Frameworks */ = {isa = PBXBuildFile; fileRef = 67A13A78E4D282C06711C300 /* Pods_WeatherSTRV.framework */; };
/* End PBXBuildFile section */

/* Begin PBXFileReference section */
		1B1C755F1EF312D800A9607E /* ForecastListModel.swift */ = {isa = PBXFileReference; fileEncoding = 4; lastKnownFileType = sourcecode.swift; path = ForecastListModel.swift; sourceTree = "<group>"; };
		1B1C75611EF312F100A9607E /* BaseModel.swift */ = {isa = PBXFileReference; fileEncoding = 4; lastKnownFileType = sourcecode.swift; path = BaseModel.swift; sourceTree = "<group>"; };
		1B1C75641EF31E7C00A9607E /* WeatherSTRVEnums.swift */ = {isa = PBXFileReference; fileEncoding = 4; lastKnownFileType = sourcecode.swift; path = WeatherSTRVEnums.swift; sourceTree = "<group>"; };
		1B1C75661EF31E9C00A9607E /* WeatherSTRVDelegates.swift */ = {isa = PBXFileReference; fileEncoding = 4; lastKnownFileType = sourcecode.swift; path = WeatherSTRVDelegates.swift; sourceTree = "<group>"; };
		1B1C75691EF3206E00A9607E /* ProximaNova-Bold.otf */ = {isa = PBXFileReference; lastKnownFileType = file; path = "ProximaNova-Bold.otf"; sourceTree = "<group>"; };
		1B1C756A1EF3206E00A9607E /* ProximaNova-Light.otf */ = {isa = PBXFileReference; lastKnownFileType = file; path = "ProximaNova-Light.otf"; sourceTree = "<group>"; };
		1B1C756B1EF3206E00A9607E /* ProximaNova-Regular.otf */ = {isa = PBXFileReference; lastKnownFileType = file; path = "ProximaNova-Regular.otf"; sourceTree = "<group>"; };
		1B1C756C1EF3206E00A9607E /* ProximaNova-Semibold.otf */ = {isa = PBXFileReference; lastKnownFileType = file; path = "ProximaNova-Semibold.otf"; sourceTree = "<group>"; };
		1B63CF5E1EF35BCF00FFB19A /* WeatherSTRVExtensions.swift */ = {isa = PBXFileReference; fileEncoding = 4; lastKnownFileType = sourcecode.swift; path = WeatherSTRVExtensions.swift; sourceTree = "<group>"; };
		1B63CF6C1EF3786B00FFB19A /* BaseTabbarController.swift */ = {isa = PBXFileReference; fileEncoding = 4; lastKnownFileType = sourcecode.swift; path = BaseTabbarController.swift; sourceTree = "<group>"; };
		1B63CF6E1EF43FEA00FFB19A /* ForecastTableViewCell.swift */ = {isa = PBXFileReference; fileEncoding = 4; lastKnownFileType = sourcecode.swift; path = ForecastTableViewCell.swift; sourceTree = "<group>"; };
		1B63CF6F1EF43FEA00FFB19A /* ForecastTableViewCell.xib */ = {isa = PBXFileReference; fileEncoding = 4; lastKnownFileType = file.xib; path = ForecastTableViewCell.xib; sourceTree = "<group>"; };
		1B63CF721EF451AB00FFB19A /* ForecastTableAdapter.swift */ = {isa = PBXFileReference; fileEncoding = 4; lastKnownFileType = sourcecode.swift; path = ForecastTableAdapter.swift; sourceTree = "<group>"; };
		1B7B16A21EF1B8070079F9ED /* GoogleService-Info.plist */ = {isa = PBXFileReference; fileEncoding = 4; lastKnownFileType = text.plist.xml; path = "GoogleService-Info.plist"; sourceTree = "<group>"; };
		1B7B16A41EF1B8AF0079F9ED /* WeatherService.swift */ = {isa = PBXFileReference; fileEncoding = 4; lastKnownFileType = sourcecode.swift; path = WeatherService.swift; sourceTree = "<group>"; };
		1B7B16A61EF1B90A0079F9ED /* APIService.swift */ = {isa = PBXFileReference; fileEncoding = 4; lastKnownFileType = sourcecode.swift; path = APIService.swift; sourceTree = "<group>"; };
		1B7B16A81EF1BCE60079F9ED /* ServicesManager.swift */ = {isa = PBXFileReference; fileEncoding = 4; lastKnownFileType = sourcecode.swift; path = ServicesManager.swift; sourceTree = "<group>"; };
		1B7B16AA1EF1C5BF0079F9ED /* WeatherModel.swift */ = {isa = PBXFileReference; fileEncoding = 4; lastKnownFileType = sourcecode.swift; path = WeatherModel.swift; sourceTree = "<group>"; };
		1BA78F291EF1B243004D180A /* ForecastViewController.swift */ = {isa = PBXFileReference; fileEncoding = 4; lastKnownFileType = sourcecode.swift; path = ForecastViewController.swift; sourceTree = "<group>"; };
		1BA78F2A1EF1B243004D180A /* ForecastViewController.xib */ = {isa = PBXFileReference; fileEncoding = 4; lastKnownFileType = file.xib; path = ForecastViewController.xib; sourceTree = "<group>"; };
		1BA78F2B1EF1B243004D180A /* SingleDayViewController.swift */ = {isa = PBXFileReference; fileEncoding = 4; lastKnownFileType = sourcecode.swift; path = SingleDayViewController.swift; sourceTree = "<group>"; };
		1BA78F2C1EF1B243004D180A /* SingleDayViewController.xib */ = {isa = PBXFileReference; fileEncoding = 4; lastKnownFileType = file.xib; path = SingleDayViewController.xib; sourceTree = "<group>"; };
		1BA78F2F1EF1B243004D180A /* Assets.xcassets */ = {isa = PBXFileReference; lastKnownFileType = folder.assetcatalog; path = Assets.xcassets; sourceTree = "<group>"; };
		1BA78F321EF1B243004D180A /* LaunchScreen.storyboard */ = {isa = PBXFileReference; fileEncoding = 4; lastKnownFileType = file.storyboard; path = LaunchScreen.storyboard; sourceTree = "<group>"; };
		1BA78F331EF1B243004D180A /* Main.storyboard */ = {isa = PBXFileReference; fileEncoding = 4; lastKnownFileType = file.storyboard; path = Main.storyboard; sourceTree = "<group>"; };
		1BA78F351EF1B243004D180A /* LocationService.swift */ = {isa = PBXFileReference; fileEncoding = 4; lastKnownFileType = sourcecode.swift; path = LocationService.swift; sourceTree = "<group>"; };
		1BC0B7651EF1867A00F0A75F /* WeatherSTRV.app */ = {isa = PBXFileReference; explicitFileType = wrapper.application; includeInIndex = 0; path = WeatherSTRV.app; sourceTree = BUILT_PRODUCTS_DIR; };
		1BC0B7681EF1867A00F0A75F /* AppDelegate.swift */ = {isa = PBXFileReference; lastKnownFileType = sourcecode.swift; path = AppDelegate.swift; sourceTree = "<group>"; };
		1BC0B7741EF1867A00F0A75F /* Info.plist */ = {isa = PBXFileReference; lastKnownFileType = text.plist.xml; path = Info.plist; sourceTree = "<group>"; };
		67A13A78E4D282C06711C300 /* Pods_WeatherSTRV.framework */ = {isa = PBXFileReference; explicitFileType = wrapper.framework; includeInIndex = 0; path = Pods_WeatherSTRV.framework; sourceTree = BUILT_PRODUCTS_DIR; };
		DBD6B06F0C43286FA571E011 /* Pods-WeatherSTRV.release.xcconfig */ = {isa = PBXFileReference; includeInIndex = 1; lastKnownFileType = text.xcconfig; name = "Pods-WeatherSTRV.release.xcconfig"; path = "Pods/Target Support Files/Pods-WeatherSTRV/Pods-WeatherSTRV.release.xcconfig"; sourceTree = "<group>"; };
		FCB744E116980FE1F27184DF /* Pods-WeatherSTRV.debug.xcconfig */ = {isa = PBXFileReference; includeInIndex = 1; lastKnownFileType = text.xcconfig; name = "Pods-WeatherSTRV.debug.xcconfig"; path = "Pods/Target Support Files/Pods-WeatherSTRV/Pods-WeatherSTRV.debug.xcconfig"; sourceTree = "<group>"; };
/* End PBXFileReference section */

/* Begin PBXFrameworksBuildPhase section */
		1BC0B7621EF1867A00F0A75F /* Frameworks */ = {
			isa = PBXFrameworksBuildPhase;
			buildActionMask = 2147483647;
			files = (
				E6CA84CC9BAEC60C31D5E309 /* Pods_WeatherSTRV.framework in Frameworks */,
			);
			runOnlyForDeploymentPostprocessing = 0;
		};
/* End PBXFrameworksBuildPhase section */

/* Begin PBXGroup section */
		1B1C75631EF31E4000A9607E /* Constants */ = {
			isa = PBXGroup;
			children = (
				1B1C75641EF31E7C00A9607E /* WeatherSTRVEnums.swift */,
				1B1C75661EF31E9C00A9607E /* WeatherSTRVDelegates.swift */,
				1B63CF5E1EF35BCF00FFB19A /* WeatherSTRVExtensions.swift */,
			);
			path = Constants;
			sourceTree = "<group>";
		};
		1B1C75681EF3206E00A9607E /* ProximaNova */ = {
			isa = PBXGroup;
			children = (
				1B1C75691EF3206E00A9607E /* ProximaNova-Bold.otf */,
				1B1C756A1EF3206E00A9607E /* ProximaNova-Light.otf */,
				1B1C756B1EF3206E00A9607E /* ProximaNova-Regular.otf */,
				1B1C756C1EF3206E00A9607E /* ProximaNova-Semibold.otf */,
			);
			path = ProximaNova;
			sourceTree = "<group>";
		};
		1BA78F281EF1B243004D180A /* Controllers */ = {
			isa = PBXGroup;
			children = (
				1BA78F291EF1B243004D180A /* ForecastViewController.swift */,
				1BA78F2A1EF1B243004D180A /* ForecastViewController.xib */,
				1BA78F2B1EF1B243004D180A /* SingleDayViewController.swift */,
				1BA78F2C1EF1B243004D180A /* SingleDayViewController.xib */,
				1B63CF6C1EF3786B00FFB19A /* BaseTabbarController.swift */,
			);
			path = Controllers;
			sourceTree = "<group>";
		};
		1BA78F2D1EF1B243004D180A /* Models */ = {
			isa = PBXGroup;
			children = (
				1B7B16AA1EF1C5BF0079F9ED /* WeatherModel.swift */,
				1B1C755F1EF312D800A9607E /* ForecastListModel.swift */,
				1B1C75611EF312F100A9607E /* BaseModel.swift */,
			);
			path = Models;
			sourceTree = "<group>";
		};
		1BA78F2E1EF1B243004D180A /* Resources */ = {
			isa = PBXGroup;
			children = (
				1BA78F2F1EF1B243004D180A /* Assets.xcassets */,
				1BA78F301EF1B243004D180A /* Fonts */,
				1BA78F311EF1B243004D180A /* Storyboards */,
			);
			path = Resources;
			sourceTree = "<group>";
		};
		1BA78F301EF1B243004D180A /* Fonts */ = {
			isa = PBXGroup;
			children = (
				1B1C75681EF3206E00A9607E /* ProximaNova */,
			);
			path = Fonts;
			sourceTree = "<group>";
		};
		1BA78F311EF1B243004D180A /* Storyboards */ = {
			isa = PBXGroup;
			children = (
				1BA78F321EF1B243004D180A /* LaunchScreen.storyboard */,
				1BA78F331EF1B243004D180A /* Main.storyboard */,
			);
			path = Storyboards;
			sourceTree = "<group>";
		};
		1BA78F341EF1B243004D180A /* Services */ = {
			isa = PBXGroup;
			children = (
				1BA78F351EF1B243004D180A /* LocationService.swift */,
				1B7B16A41EF1B8AF0079F9ED /* WeatherService.swift */,
				1B7B16A61EF1B90A0079F9ED /* APIService.swift */,
				1B7B16A81EF1BCE60079F9ED /* ServicesManager.swift */,
			);
			path = Services;
			sourceTree = "<group>";
		};
		1BA78F361EF1B243004D180A /* Views */ = {
			isa = PBXGroup;
			children = (
				1B63CF6E1EF43FEA00FFB19A /* ForecastTableViewCell.swift */,
				1B63CF6F1EF43FEA00FFB19A /* ForecastTableViewCell.xib */,
				1B63CF721EF451AB00FFB19A /* ForecastTableAdapter.swift */,
			);
			path = Views;
			sourceTree = "<group>";
		};
		1BC0B75C1EF1867A00F0A75F = {
			isa = PBXGroup;
			children = (
				1BC0B7671EF1867A00F0A75F /* WeatherSTRV */,
				1BC0B7661EF1867A00F0A75F /* Products */,
				7C6EBEB7C71C8DEDD2C2418A /* Pods */,
				1D38DB6CFDEE082DA7920022 /* Frameworks */,
			);
			sourceTree = "<group>";
		};
		1BC0B7661EF1867A00F0A75F /* Products */ = {
			isa = PBXGroup;
			children = (
				1BC0B7651EF1867A00F0A75F /* WeatherSTRV.app */,
			);
			name = Products;
			sourceTree = "<group>";
		};
		1BC0B7671EF1867A00F0A75F /* WeatherSTRV */ = {
			isa = PBXGroup;
			children = (
				1B1C75631EF31E4000A9607E /* Constants */,
				1BA78F281EF1B243004D180A /* Controllers */,
				1BA78F2D1EF1B243004D180A /* Models */,
				1BA78F2E1EF1B243004D180A /* Resources */,
				1BA78F341EF1B243004D180A /* Services */,
				1BA78F361EF1B243004D180A /* Views */,
				1BC0B7681EF1867A00F0A75F /* AppDelegate.swift */,
				1BC0B7741EF1867A00F0A75F /* Info.plist */,
				1B7B16A21EF1B8070079F9ED /* GoogleService-Info.plist */,
			);
			path = WeatherSTRV;
			sourceTree = "<group>";
		};
		1D38DB6CFDEE082DA7920022 /* Frameworks */ = {
			isa = PBXGroup;
			children = (
				67A13A78E4D282C06711C300 /* Pods_WeatherSTRV.framework */,
			);
			name = Frameworks;
			sourceTree = "<group>";
		};
		7C6EBEB7C71C8DEDD2C2418A /* Pods */ = {
			isa = PBXGroup;
			children = (
				FCB744E116980FE1F27184DF /* Pods-WeatherSTRV.debug.xcconfig */,
				DBD6B06F0C43286FA571E011 /* Pods-WeatherSTRV.release.xcconfig */,
			);
			name = Pods;
			sourceTree = "<group>";
		};
/* End PBXGroup section */

/* Begin PBXNativeTarget section */
		1BC0B7641EF1867A00F0A75F /* WeatherSTRV */ = {
			isa = PBXNativeTarget;
			buildConfigurationList = 1BC0B7771EF1867A00F0A75F /* Build configuration list for PBXNativeTarget "WeatherSTRV" */;
			buildPhases = (
				763FE23DAB05B142FBAADCDA /* [CP] Check Pods Manifest.lock */,
				1BC0B7611EF1867A00F0A75F /* Sources */,
				1BC0B7621EF1867A00F0A75F /* Frameworks */,
				1BC0B7631EF1867A00F0A75F /* Resources */,
				0DB411D0820CB71A9D715F81 /* [CP] Embed Pods Frameworks */,
				82B1EF3B583A9DF4E3A64C18 /* [CP] Copy Pods Resources */,
			);
			buildRules = (
			);
			dependencies = (
			);
			name = WeatherSTRV;
			productName = WeatherSTRV;
			productReference = 1BC0B7651EF1867A00F0A75F /* WeatherSTRV.app */;
			productType = "com.apple.product-type.application";
		};
/* End PBXNativeTarget section */

/* Begin PBXProject section */
		1BC0B75D1EF1867A00F0A75F /* Project object */ = {
			isa = PBXProject;
			attributes = {
				LastSwiftUpdateCheck = 0830;
				LastUpgradeCheck = 0830;
				ORGANIZATIONNAME = "Mahmoud Eldesouky";
				TargetAttributes = {
					1BC0B7641EF1867A00F0A75F = {
						CreatedOnToolsVersion = 8.3.3;
						DevelopmentTeam = AXBRK75K78;
						ProvisioningStyle = Automatic;
					};
				};
			};
			buildConfigurationList = 1BC0B7601EF1867A00F0A75F /* Build configuration list for PBXProject "WeatherSTRV" */;
			compatibilityVersion = "Xcode 3.2";
			developmentRegion = English;
			hasScannedForEncodings = 0;
			knownRegions = (
				en,
				Base,
			);
			mainGroup = 1BC0B75C1EF1867A00F0A75F;
			productRefGroup = 1BC0B7661EF1867A00F0A75F /* Products */;
			projectDirPath = "";
			projectRoot = "";
			targets = (
				1BC0B7641EF1867A00F0A75F /* WeatherSTRV */,
			);
		};
/* End PBXProject section */

/* Begin PBXResourcesBuildPhase section */
		1BC0B7631EF1867A00F0A75F /* Resources */ = {
			isa = PBXResourcesBuildPhase;
			buildActionMask = 2147483647;
			files = (
				1B63CF711EF43FEA00FFB19A /* ForecastTableViewCell.xib in Resources */,
				1BA78F381EF1B243004D180A /* ForecastViewController.xib in Resources */,
				1BA78F3D1EF1B243004D180A /* Main.storyboard in Resources */,
				1B1C756F1EF3206E00A9607E /* ProximaNova-Regular.otf in Resources */,
				1B1C756D1EF3206E00A9607E /* ProximaNova-Bold.otf in Resources */,
				1BA78F3C1EF1B243004D180A /* LaunchScreen.storyboard in Resources */,
				1BA78F3B1EF1B243004D180A /* Assets.xcassets in Resources */,
				1B1C756E1EF3206E00A9607E /* ProximaNova-Light.otf in Resources */,
				1B1C75701EF3206E00A9607E /* ProximaNova-Semibold.otf in Resources */,
				1BA78F3A1EF1B243004D180A /* SingleDayViewController.xib in Resources */,
				1B7B16A31EF1B8070079F9ED /* GoogleService-Info.plist in Resources */,
			);
			runOnlyForDeploymentPostprocessing = 0;
		};
/* End PBXResourcesBuildPhase section */

/* Begin PBXShellScriptBuildPhase section */
		0DB411D0820CB71A9D715F81 /* [CP] Embed Pods Frameworks */ = {
			isa = PBXShellScriptBuildPhase;
			buildActionMask = 2147483647;
			files = (
			);
			inputPaths = (
			);
			name = "[CP] Embed Pods Frameworks";
			outputPaths = (
			);
			runOnlyForDeploymentPostprocessing = 0;
			shellPath = /bin/sh;
			shellScript = "\"${SRCROOT}/Pods/Target Support Files/Pods-WeatherSTRV/Pods-WeatherSTRV-frameworks.sh\"\n";
			showEnvVarsInLog = 0;
		};
		763FE23DAB05B142FBAADCDA /* [CP] Check Pods Manifest.lock */ = {
			isa = PBXShellScriptBuildPhase;
			buildActionMask = 2147483647;
			files = (
			);
			inputPaths = (
			);
			name = "[CP] Check Pods Manifest.lock";
			outputPaths = (
			);
			runOnlyForDeploymentPostprocessing = 0;
			shellPath = /bin/sh;
			shellScript = "diff \"${PODS_ROOT}/../Podfile.lock\" \"${PODS_ROOT}/Manifest.lock\" > /dev/null\nif [ $? != 0 ] ; then\n    # print error to STDERR\n    echo \"error: The sandbox is not in sync with the Podfile.lock. Run 'pod install' or update your CocoaPods installation.\" >&2\n    exit 1\nfi\n";
			showEnvVarsInLog = 0;
		};
		82B1EF3B583A9DF4E3A64C18 /* [CP] Copy Pods Resources */ = {
			isa = PBXShellScriptBuildPhase;
			buildActionMask = 2147483647;
			files = (
			);
			inputPaths = (
			);
			name = "[CP] Copy Pods Resources";
			outputPaths = (
			);
			runOnlyForDeploymentPostprocessing = 0;
			shellPath = /bin/sh;
			shellScript = "\"${SRCROOT}/Pods/Target Support Files/Pods-WeatherSTRV/Pods-WeatherSTRV-resources.sh\"\n";
			showEnvVarsInLog = 0;
		};
/* End PBXShellScriptBuildPhase section */

/* Begin PBXSourcesBuildPhase section */
		1BC0B7611EF1867A00F0A75F /* Sources */ = {
			isa = PBXSourcesBuildPhase;
			buildActionMask = 2147483647;
			files = (
				1B7B16A51EF1B8AF0079F9ED /* WeatherService.swift in Sources */,
				1B1C75651EF31E7C00A9607E /* WeatherSTRVEnums.swift in Sources */,
				1B63CF6D1EF3786B00FFB19A /* BaseTabbarController.swift in Sources */,
				1B1C75671EF31E9C00A9607E /* WeatherSTRVDelegates.swift in Sources */,
				1BC0B7691EF1867A00F0A75F /* AppDelegate.swift in Sources */,
				1B63CF731EF451AB00FFB19A /* ForecastTableAdapter.swift in Sources */,
				1BA78F391EF1B243004D180A /* SingleDayViewController.swift in Sources */,
				1B63CF701EF43FEA00FFB19A /* ForecastTableViewCell.swift in Sources */,
				1B7B16A91EF1BCE60079F9ED /* ServicesManager.swift in Sources */,
				1B1C75621EF312F100A9607E /* BaseModel.swift in Sources */,
				1B1C75601EF312D800A9607E /* ForecastListModel.swift in Sources */,
				1B63CF5F1EF35BCF00FFB19A /* WeatherSTRVExtensions.swift in Sources */,
				1BA78F3E1EF1B243004D180A /* LocationService.swift in Sources */,
				1B7B16A71EF1B90A0079F9ED /* APIService.swift in Sources */,
				1B7B16AB1EF1C5BF0079F9ED /* WeatherModel.swift in Sources */,
				1BA78F371EF1B243004D180A /* ForecastViewController.swift in Sources */,
			);
			runOnlyForDeploymentPostprocessing = 0;
		};
/* End PBXSourcesBuildPhase section */

/* Begin XCBuildConfiguration section */
		1BC0B7751EF1867A00F0A75F /* Debug */ = {
			isa = XCBuildConfiguration;
			buildSettings = {
				ALWAYS_SEARCH_USER_PATHS = NO;
				CLANG_ANALYZER_NONNULL = YES;
				CLANG_ANALYZER_NUMBER_OBJECT_CONVERSION = YES_AGGRESSIVE;
				CLANG_CXX_LANGUAGE_STANDARD = "gnu++0x";
				CLANG_CXX_LIBRARY = "libc++";
				CLANG_ENABLE_MODULES = YES;
				CLANG_ENABLE_OBJC_ARC = YES;
				CLANG_WARN_BOOL_CONVERSION = YES;
				CLANG_WARN_CONSTANT_CONVERSION = YES;
				CLANG_WARN_DIRECT_OBJC_ISA_USAGE = YES_ERROR;
				CLANG_WARN_DOCUMENTATION_COMMENTS = YES;
				CLANG_WARN_EMPTY_BODY = YES;
				CLANG_WARN_ENUM_CONVERSION = YES;
				CLANG_WARN_INFINITE_RECURSION = YES;
				CLANG_WARN_INT_CONVERSION = YES;
				CLANG_WARN_OBJC_ROOT_CLASS = YES_ERROR;
				CLANG_WARN_SUSPICIOUS_MOVE = YES;
				CLANG_WARN_UNREACHABLE_CODE = YES;
				CLANG_WARN__DUPLICATE_METHOD_MATCH = YES;
				"CODE_SIGN_IDENTITY[sdk=iphoneos*]" = "iPhone Developer";
				COPY_PHASE_STRIP = NO;
				DEBUG_INFORMATION_FORMAT = dwarf;
				ENABLE_STRICT_OBJC_MSGSEND = YES;
				ENABLE_TESTABILITY = YES;
				GCC_C_LANGUAGE_STANDARD = gnu99;
				GCC_DYNAMIC_NO_PIC = NO;
				GCC_NO_COMMON_BLOCKS = YES;
				GCC_OPTIMIZATION_LEVEL = 0;
				GCC_PREPROCESSOR_DEFINITIONS = (
					"DEBUG=1",
					"$(inherited)",
				);
				GCC_WARN_64_TO_32_BIT_CONVERSION = YES;
				GCC_WARN_ABOUT_RETURN_TYPE = YES_ERROR;
				GCC_WARN_UNDECLARED_SELECTOR = YES;
				GCC_WARN_UNINITIALIZED_AUTOS = YES_AGGRESSIVE;
				GCC_WARN_UNUSED_FUNCTION = YES;
				GCC_WARN_UNUSED_VARIABLE = YES;
				IPHONEOS_DEPLOYMENT_TARGET = 10.3;
				MTL_ENABLE_DEBUG_INFO = YES;
				ONLY_ACTIVE_ARCH = YES;
				SDKROOT = iphoneos;
				SWIFT_ACTIVE_COMPILATION_CONDITIONS = DEBUG;
				SWIFT_OPTIMIZATION_LEVEL = "-Onone";
				TARGETED_DEVICE_FAMILY = "1,2";
			};
			name = Debug;
		};
		1BC0B7761EF1867A00F0A75F /* Release */ = {
			isa = XCBuildConfiguration;
			buildSettings = {
				ALWAYS_SEARCH_USER_PATHS = NO;
				CLANG_ANALYZER_NONNULL = YES;
				CLANG_ANALYZER_NUMBER_OBJECT_CONVERSION = YES_AGGRESSIVE;
				CLANG_CXX_LANGUAGE_STANDARD = "gnu++0x";
				CLANG_CXX_LIBRARY = "libc++";
				CLANG_ENABLE_MODULES = YES;
				CLANG_ENABLE_OBJC_ARC = YES;
				CLANG_WARN_BOOL_CONVERSION = YES;
				CLANG_WARN_CONSTANT_CONVERSION = YES;
				CLANG_WARN_DIRECT_OBJC_ISA_USAGE = YES_ERROR;
				CLANG_WARN_DOCUMENTATION_COMMENTS = YES;
				CLANG_WARN_EMPTY_BODY = YES;
				CLANG_WARN_ENUM_CONVERSION = YES;
				CLANG_WARN_INFINITE_RECURSION = YES;
				CLANG_WARN_INT_CONVERSION = YES;
				CLANG_WARN_OBJC_ROOT_CLASS = YES_ERROR;
				CLANG_WARN_SUSPICIOUS_MOVE = YES;
				CLANG_WARN_UNREACHABLE_CODE = YES;
				CLANG_WARN__DUPLICATE_METHOD_MATCH = YES;
				"CODE_SIGN_IDENTITY[sdk=iphoneos*]" = "iPhone Developer";
				COPY_PHASE_STRIP = NO;
				DEBUG_INFORMATION_FORMAT = "dwarf-with-dsym";
				ENABLE_NS_ASSERTIONS = NO;
				ENABLE_STRICT_OBJC_MSGSEND = YES;
				GCC_C_LANGUAGE_STANDARD = gnu99;
				GCC_NO_COMMON_BLOCKS = YES;
				GCC_WARN_64_TO_32_BIT_CONVERSION = YES;
				GCC_WARN_ABOUT_RETURN_TYPE = YES_ERROR;
				GCC_WARN_UNDECLARED_SELECTOR = YES;
				GCC_WARN_UNINITIALIZED_AUTOS = YES_AGGRESSIVE;
				GCC_WARN_UNUSED_FUNCTION = YES;
				GCC_WARN_UNUSED_VARIABLE = YES;
				IPHONEOS_DEPLOYMENT_TARGET = 10.3;
				MTL_ENABLE_DEBUG_INFO = NO;
				SDKROOT = iphoneos;
				SWIFT_OPTIMIZATION_LEVEL = "-Owholemodule";
				TARGETED_DEVICE_FAMILY = "1,2";
				VALIDATE_PRODUCT = YES;
			};
			name = Release;
		};
		1BC0B7781EF1867A00F0A75F /* Debug */ = {
			isa = XCBuildConfiguration;
			baseConfigurationReference = FCB744E116980FE1F27184DF /* Pods-WeatherSTRV.debug.xcconfig */;
			buildSettings = {
				ASSETCATALOG_COMPILER_APPICON_NAME = AppIcon;
				"CODE_SIGN_IDENTITY[sdk=iphoneos*]" = "iPhone Developer";
				DEVELOPMENT_TEAM = "";
				INFOPLIST_FILE = WeatherSTRV/Info.plist;
				LD_RUNPATH_SEARCH_PATHS = "$(inherited) @executable_path/Frameworks";
				PRODUCT_BUNDLE_IDENTIFIER = com.dos.WeatherSTRV;
				PRODUCT_NAME = "$(TARGET_NAME)";
				PROVISIONING_PROFILE = "";
				PROVISIONING_PROFILE_SPECIFIER = "";
				SWIFT_VERSION = 3.0;
			};
			name = Debug;
		};
		1BC0B7791EF1867A00F0A75F /* Release */ = {
			isa = XCBuildConfiguration;
			baseConfigurationReference = DBD6B06F0C43286FA571E011 /* Pods-WeatherSTRV.release.xcconfig */;
			buildSettings = {
				ASSETCATALOG_COMPILER_APPICON_NAME = AppIcon;
				"CODE_SIGN_IDENTITY[sdk=iphoneos*]" = "iPhone Developer";
				DEVELOPMENT_TEAM = "";
				INFOPLIST_FILE = WeatherSTRV/Info.plist;
				LD_RUNPATH_SEARCH_PATHS = "$(inherited) @executable_path/Frameworks";
				PRODUCT_BUNDLE_IDENTIFIER = com.dos.WeatherSTRV;
				PRODUCT_NAME = "$(TARGET_NAME)";
				PROVISIONING_PROFILE = "";
				PROVISIONING_PROFILE_SPECIFIER = "";
				SWIFT_VERSION = 3.0;
			};
			name = Release;
		};
/* End XCBuildConfiguration section */

/* Begin XCConfigurationList section */
		1BC0B7601EF1867A00F0A75F /* Build configuration list for PBXProject "WeatherSTRV" */ = {
			isa = XCConfigurationList;
			buildConfigurations = (
				1BC0B7751EF1867A00F0A75F /* Debug */,
				1BC0B7761EF1867A00F0A75F /* Release */,
			);
			defaultConfigurationIsVisible = 0;
			defaultConfigurationName = Release;
		};
		1BC0B7771EF1867A00F0A75F /* Build configuration list for PBXNativeTarget "WeatherSTRV" */ = {
			isa = XCConfigurationList;
			buildConfigurations = (
				1BC0B7781EF1867A00F0A75F /* Debug */,
				1BC0B7791EF1867A00F0A75F /* Release */,
			);
			defaultConfigurationIsVisible = 0;
			defaultConfigurationName = Release;
		};
/* End XCConfigurationList section */
	};
	rootObject = 1BC0B75D1EF1867A00F0A75F /* Project object */;
}
